
Microsoft Visual Studio Solution File, Format Version 12.00
# Visual Studio Version 17
VisualStudioVersion = 17.0.32014.148
MinimumVisualStudioVersion = 10.0.40219.1
Project("{8BC9CEB8-8B4A-11D0-8D11-00A0C91BC942}") = "HomeWork220112", "HomeWork220112\HomeWork220112.vcxproj", "{FA469088-270F-4EAC-A6B9-D630876F024D}"
EndProject
Project("{8BC9CEB8-8B4A-11D0-8D11-00A0C91BC942}") = "HomeWork220113", "HomeWork220113\HomeWork220113.vcxproj", "{FB597FA9-2068-49A1-BC6B-E2CCB38156AD}"
EndProject
Project("{8BC9CEB8-8B4A-11D0-8D11-00A0C91BC942}") = "HomeWork220114", "HomeWork220114\HomeWork220114.vcxproj", "{26A33221-EDFC-429B-B8DF-34903D0B084F}"
EndProject
Project("{8BC9CEB8-8B4A-11D0-8D11-00A0C91BC942}") = "HomeWork220114CharChange", "HomeWork220114CharChange\HomeWork220114CharChange.vcxproj", "{F9492839-992E-4F60-B5D2-565660426291}"
EndProject
Global
	GlobalSection(SolutionConfigurationPlatforms) = preSolution
		Debug|x64 = Debug|x64
		Debug|x86 = Debug|x86
		Release|x64 = Release|x64
		Release|x86 = Release|x86
	EndGlobalSection
	GlobalSection(ProjectConfigurationPlatforms) = postSolution
		{FA469088-270F-4EAC-A6B9-D630876F024D}.Debug|x64.ActiveCfg = Debug|x64
		{FA469088-270F-4EAC-A6B9-D630876F024D}.Debug|x64.Build.0 = Debug|x64
		{FA469088-270F-4EAC-A6B9-D630876F024D}.Debug|x86.ActiveCfg = Debug|Win32
		{FA469088-270F-4EAC-A6B9-D630876F024D}.Debug|x86.Build.0 = Debug|Win32
		{FA469088-270F-4EAC-A6B9-D630876F024D}.Release|x64.ActiveCfg = Release|x64
		{FA469088-270F-4EAC-A6B9-D630876F024D}.Release|x64.Build.0 = Release|x64
		{FA469088-270F-4EAC-A6B9-D630876F024D}.Release|x86.ActiveCfg = Release|Win32
		{FA469088-270F-4EAC-A6B9-D630876F024D}.Release|x86.Build.0 = Release|Win32
		{FB597FA9-2068-49A1-BC6B-E2CCB38156AD}.Debug|x64.ActiveCfg = Debug|x64
		{FB597FA9-2068-49A1-BC6B-E2CCB38156AD}.Debug|x64.Build.0 = Debug|x64
		{FB597FA9-2068-49A1-BC6B-E2CCB38156AD}.Debug|x86.ActiveCfg = Debug|Win32
		{FB597FA9-2068-49A1-BC6B-E2CCB38156AD}.Debug|x86.Build.0 = Debug|Win32
		{FB597FA9-2068-49A1-BC6B-E2CCB38156AD}.Release|x64.ActiveCfg = Release|x64
		{FB597FA9-2068-49A1-BC6B-E2CCB38156AD}.Release|x64.Build.0 = Release|x64
		{FB597FA9-2068-49A1-BC6B-E2CCB38156AD}.Release|x86.ActiveCfg = Release|Win32
		{FB597FA9-2068-49A1-BC6B-E2CCB38156AD}.Release|x86.Build.0 = Release|Win32
		{26A33221-EDFC-429B-B8DF-34903D0B084F}.Debug|x64.ActiveCfg = Debug|x64
		{26A33221-EDFC-429B-B8DF-34903D0B084F}.Debug|x64.Build.0 = Debug|x64
		{26A33221-EDFC-429B-B8DF-34903D0B084F}.Debug|x86.ActiveCfg = Debug|Win32
		{26A33221-EDFC-429B-B8DF-34903D0B084F}.Debug|x86.Build.0 = Debug|Win32
		{26A33221-EDFC-429B-B8DF-34903D0B084F}.Release|x64.ActiveCfg = Release|x64
		{26A33221-EDFC-429B-B8DF-34903D0B084F}.Release|x64.Build.0 = Release|x64
		{26A33221-EDFC-429B-B8DF-34903D0B084F}.Release|x86.ActiveCfg = Release|Win32
		{26A33221-EDFC-429B-B8DF-34903D0B084F}.Release|x86.Build.0 = Release|Win32
		{F9492839-992E-4F60-B5D2-565660426291}.Debug|x64.ActiveCfg = Debug|x64
		{F9492839-992E-4F60-B5D2-565660426291}.Debug|x64.Build.0 = Debug|x64
		{F9492839-992E-4F60-B5D2-565660426291}.Debug|x86.ActiveCfg = Debug|Win32
		{F9492839-992E-4F60-B5D2-565660426291}.Debug|x86.Build.0 = Debug|Win32
		{F9492839-992E-4F60-B5D2-565660426291}.Release|x64.ActiveCfg = Release|x64
		{F9492839-992E-4F60-B5D2-565660426291}.Release|x64.Build.0 = Release|x64
		{F9492839-992E-4F60-B5D2-565660426291}.Release|x86.ActiveCfg = Release|Win32
		{F9492839-992E-4F60-B5D2-565660426291}.Release|x86.Build.0 = Release|Win32
	EndGlobalSection
	GlobalSection(SolutionProperties) = preSolution
		HideSolutionNode = FALSE
	EndGlobalSection
	GlobalSection(ExtensibilityGlobals) = postSolution
		SolutionGuid = {5BE7ED12-560A-49F3-8BF8-55BB14BCA0D5}
	EndGlobalSection
EndGlobal
