
Microsoft Visual Studio Solution File, Format Version 12.00
# Visual Studio Version 17
VisualStudioVersion = 17.0.32014.148
MinimumVisualStudioVersion = 10.0.40219.1
Project("{8BC9CEB8-8B4A-11D0-8D11-00A0C91BC942}") = "HomeWork220112", "HomeWork220112\HomeWork220112.vcxproj", "{FA469088-270F-4EAC-A6B9-D630876F024D}"
EndProject
Project("{8BC9CEB8-8B4A-11D0-8D11-00A0C91BC942}") = "HomeWork220113", "HomeWork220113\HomeWork220113.vcxproj", "{FB597FA9-2068-49A1-BC6B-E2CCB38156AD}"
EndProject
Project("{8BC9CEB8-8B4A-11D0-8D11-00A0C91BC942}") = "HomeWork220114CharChange", "HomeWork220114CharChange\HomeWork220114CharChange.vcxproj", "{F9492839-992E-4F60-B5D2-565660426291}"
EndProject
Project("{8BC9CEB8-8B4A-11D0-8D11-00A0C91BC942}") = "HomeWork220114ToInt", "HomeWork220114ToInt\HomeWork220114ToInt.vcxproj", "{450E0A9C-2BF8-4278-B42E-D294F5C0C129}"
EndProject
Project("{8BC9CEB8-8B4A-11D0-8D11-00A0C91BC942}") = "HomeWork220114TextChange", "HomeWork220114TextChange\HomeWork220114TextChange.vcxproj", "{A4F4AC88-EDDD-4383-8A46-7C2973441B50}"
EndProject
Project("{8BC9CEB8-8B4A-11D0-8D11-00A0C91BC942}") = "HomeWork220117", "HomeWork220117\HomeWork220117.vcxproj", "{E43125B6-89F7-4CE9-BB07-FEFA311702CC}"
EndProject
Project("{8BC9CEB8-8B4A-11D0-8D11-00A0C91BC942}") = "HomeWork220126", "HomeWork220126\HomeWork220126.vcxproj", "{371ACC41-2D38-4057-9F64-8B9CE33F4B02}"
EndProject
Project("{8BC9CEB8-8B4A-11D0-8D11-00A0C91BC942}") = "Homework220209", "Homework 220209\Homework 220209.vcxproj", "{7A4D6C81-CF9E-4623-B8F1-B0D5800F6E33}"
EndProject
Project("{8BC9CEB8-8B4A-11D0-8D11-00A0C91BC942}") = "Homework220210", "Homework 220210\Homework 220210.vcxproj", "{7890FA8F-758C-4207-A528-E7A2A37FE090}"
EndProject
Project("{8BC9CEB8-8B4A-11D0-8D11-00A0C91BC942}") = "HomeWork220211", "HomeWork220211\HomeWork220211.vcxproj", "{8021E899-AC37-4932-8CBA-3E33FF4320E8}"
EndProject
Project("{8BC9CEB8-8B4A-11D0-8D11-00A0C91BC942}") = "HomeWork220215", "HomeWork220215\HomeWork220215.vcxproj", "{07782E4A-6CD5-449A-B036-42A5CD2B6EFD}"
EndProject
Project("{8BC9CEB8-8B4A-11D0-8D11-00A0C91BC942}") = "HomeWork220221", "HomeWork220221\HomeWork220221.vcxproj", "{7A36C495-3B7D-45C2-A35D-DC33FB89EE9F}"
EndProject
Project("{8BC9CEB8-8B4A-11D0-8D11-00A0C91BC942}") = "Homework220222", "Homework220222\Homework220222.vcxproj", "{1A96055B-D73B-4914-98EB-F89FCA9235BE}"
EndProject
Project("{8BC9CEB8-8B4A-11D0-8D11-00A0C91BC942}") = "HomeWork220223", "HomeWork220223\HomeWork220223.vcxproj", "{C173267B-5365-47A2-AADF-C0F7B686E8A5}"
EndProject
Global
	GlobalSection(SolutionConfigurationPlatforms) = preSolution
		Debug|x64 = Debug|x64
		Debug|x86 = Debug|x86
		Release|x64 = Release|x64
		Release|x86 = Release|x86
	EndGlobalSection
	GlobalSection(ProjectConfigurationPlatforms) = postSolution
		{FA469088-270F-4EAC-A6B9-D630876F024D}.Debug|x64.ActiveCfg = Debug|x64
		{FA469088-270F-4EAC-A6B9-D630876F024D}.Debug|x64.Build.0 = Debug|x64
		{FA469088-270F-4EAC-A6B9-D630876F024D}.Debug|x86.ActiveCfg = Debug|Win32
		{FA469088-270F-4EAC-A6B9-D630876F024D}.Debug|x86.Build.0 = Debug|Win32
		{FA469088-270F-4EAC-A6B9-D630876F024D}.Release|x64.ActiveCfg = Release|x64
		{FA469088-270F-4EAC-A6B9-D630876F024D}.Release|x64.Build.0 = Release|x64
		{FA469088-270F-4EAC-A6B9-D630876F024D}.Release|x86.ActiveCfg = Release|Win32
		{FA469088-270F-4EAC-A6B9-D630876F024D}.Release|x86.Build.0 = Release|Win32
		{FB597FA9-2068-49A1-BC6B-E2CCB38156AD}.Debug|x64.ActiveCfg = Debug|x64
		{FB597FA9-2068-49A1-BC6B-E2CCB38156AD}.Debug|x64.Build.0 = Debug|x64
		{FB597FA9-2068-49A1-BC6B-E2CCB38156AD}.Debug|x86.ActiveCfg = Debug|Win32
		{FB597FA9-2068-49A1-BC6B-E2CCB38156AD}.Debug|x86.Build.0 = Debug|Win32
		{FB597FA9-2068-49A1-BC6B-E2CCB38156AD}.Release|x64.ActiveCfg = Release|x64
		{FB597FA9-2068-49A1-BC6B-E2CCB38156AD}.Release|x64.Build.0 = Release|x64
		{FB597FA9-2068-49A1-BC6B-E2CCB38156AD}.Release|x86.ActiveCfg = Release|Win32
		{FB597FA9-2068-49A1-BC6B-E2CCB38156AD}.Release|x86.Build.0 = Release|Win32
		{F9492839-992E-4F60-B5D2-565660426291}.Debug|x64.ActiveCfg = Debug|x64
		{F9492839-992E-4F60-B5D2-565660426291}.Debug|x64.Build.0 = Debug|x64
		{F9492839-992E-4F60-B5D2-565660426291}.Debug|x86.ActiveCfg = Debug|Win32
		{F9492839-992E-4F60-B5D2-565660426291}.Debug|x86.Build.0 = Debug|Win32
		{F9492839-992E-4F60-B5D2-565660426291}.Release|x64.ActiveCfg = Release|x64
		{F9492839-992E-4F60-B5D2-565660426291}.Release|x64.Build.0 = Release|x64
		{F9492839-992E-4F60-B5D2-565660426291}.Release|x86.ActiveCfg = Release|Win32
		{F9492839-992E-4F60-B5D2-565660426291}.Release|x86.Build.0 = Release|Win32
		{450E0A9C-2BF8-4278-B42E-D294F5C0C129}.Debug|x64.ActiveCfg = Debug|x64
		{450E0A9C-2BF8-4278-B42E-D294F5C0C129}.Debug|x64.Build.0 = Debug|x64
		{450E0A9C-2BF8-4278-B42E-D294F5C0C129}.Debug|x86.ActiveCfg = Debug|Win32
		{450E0A9C-2BF8-4278-B42E-D294F5C0C129}.Debug|x86.Build.0 = Debug|Win32
		{450E0A9C-2BF8-4278-B42E-D294F5C0C129}.Release|x64.ActiveCfg = Release|x64
		{450E0A9C-2BF8-4278-B42E-D294F5C0C129}.Release|x64.Build.0 = Release|x64
		{450E0A9C-2BF8-4278-B42E-D294F5C0C129}.Release|x86.ActiveCfg = Release|Win32
		{450E0A9C-2BF8-4278-B42E-D294F5C0C129}.Release|x86.Build.0 = Release|Win32
		{A4F4AC88-EDDD-4383-8A46-7C2973441B50}.Debug|x64.ActiveCfg = Debug|x64
		{A4F4AC88-EDDD-4383-8A46-7C2973441B50}.Debug|x64.Build.0 = Debug|x64
		{A4F4AC88-EDDD-4383-8A46-7C2973441B50}.Debug|x86.ActiveCfg = Debug|Win32
		{A4F4AC88-EDDD-4383-8A46-7C2973441B50}.Debug|x86.Build.0 = Debug|Win32
		{A4F4AC88-EDDD-4383-8A46-7C2973441B50}.Release|x64.ActiveCfg = Release|x64
		{A4F4AC88-EDDD-4383-8A46-7C2973441B50}.Release|x64.Build.0 = Release|x64
		{A4F4AC88-EDDD-4383-8A46-7C2973441B50}.Release|x86.ActiveCfg = Release|Win32
		{A4F4AC88-EDDD-4383-8A46-7C2973441B50}.Release|x86.Build.0 = Release|Win32
		{E43125B6-89F7-4CE9-BB07-FEFA311702CC}.Debug|x64.ActiveCfg = Debug|x64
		{E43125B6-89F7-4CE9-BB07-FEFA311702CC}.Debug|x64.Build.0 = Debug|x64
		{E43125B6-89F7-4CE9-BB07-FEFA311702CC}.Debug|x86.ActiveCfg = Debug|Win32
		{E43125B6-89F7-4CE9-BB07-FEFA311702CC}.Debug|x86.Build.0 = Debug|Win32
		{E43125B6-89F7-4CE9-BB07-FEFA311702CC}.Release|x64.ActiveCfg = Release|x64
		{E43125B6-89F7-4CE9-BB07-FEFA311702CC}.Release|x64.Build.0 = Release|x64
		{E43125B6-89F7-4CE9-BB07-FEFA311702CC}.Release|x86.ActiveCfg = Release|Win32
		{E43125B6-89F7-4CE9-BB07-FEFA311702CC}.Release|x86.Build.0 = Release|Win32
		{371ACC41-2D38-4057-9F64-8B9CE33F4B02}.Debug|x64.ActiveCfg = Debug|x64
		{371ACC41-2D38-4057-9F64-8B9CE33F4B02}.Debug|x64.Build.0 = Debug|x64
		{371ACC41-2D38-4057-9F64-8B9CE33F4B02}.Debug|x86.ActiveCfg = Debug|Win32
		{371ACC41-2D38-4057-9F64-8B9CE33F4B02}.Debug|x86.Build.0 = Debug|Win32
		{371ACC41-2D38-4057-9F64-8B9CE33F4B02}.Release|x64.ActiveCfg = Release|x64
		{371ACC41-2D38-4057-9F64-8B9CE33F4B02}.Release|x64.Build.0 = Release|x64
		{371ACC41-2D38-4057-9F64-8B9CE33F4B02}.Release|x86.ActiveCfg = Release|Win32
		{371ACC41-2D38-4057-9F64-8B9CE33F4B02}.Release|x86.Build.0 = Release|Win32
		{7A4D6C81-CF9E-4623-B8F1-B0D5800F6E33}.Debug|x64.ActiveCfg = Debug|x64
		{7A4D6C81-CF9E-4623-B8F1-B0D5800F6E33}.Debug|x64.Build.0 = Debug|x64
		{7A4D6C81-CF9E-4623-B8F1-B0D5800F6E33}.Debug|x86.ActiveCfg = Debug|Win32
		{7A4D6C81-CF9E-4623-B8F1-B0D5800F6E33}.Debug|x86.Build.0 = Debug|Win32
		{7A4D6C81-CF9E-4623-B8F1-B0D5800F6E33}.Release|x64.ActiveCfg = Release|x64
		{7A4D6C81-CF9E-4623-B8F1-B0D5800F6E33}.Release|x64.Build.0 = Release|x64
		{7A4D6C81-CF9E-4623-B8F1-B0D5800F6E33}.Release|x86.ActiveCfg = Release|Win32
		{7A4D6C81-CF9E-4623-B8F1-B0D5800F6E33}.Release|x86.Build.0 = Release|Win32
		{7890FA8F-758C-4207-A528-E7A2A37FE090}.Debug|x64.ActiveCfg = Debug|x64
		{7890FA8F-758C-4207-A528-E7A2A37FE090}.Debug|x64.Build.0 = Debug|x64
		{7890FA8F-758C-4207-A528-E7A2A37FE090}.Debug|x86.ActiveCfg = Debug|Win32
		{7890FA8F-758C-4207-A528-E7A2A37FE090}.Debug|x86.Build.0 = Debug|Win32
		{7890FA8F-758C-4207-A528-E7A2A37FE090}.Release|x64.ActiveCfg = Release|x64
		{7890FA8F-758C-4207-A528-E7A2A37FE090}.Release|x64.Build.0 = Release|x64
		{7890FA8F-758C-4207-A528-E7A2A37FE090}.Release|x86.ActiveCfg = Release|Win32
		{7890FA8F-758C-4207-A528-E7A2A37FE090}.Release|x86.Build.0 = Release|Win32
		{8021E899-AC37-4932-8CBA-3E33FF4320E8}.Debug|x64.ActiveCfg = Debug|x64
		{8021E899-AC37-4932-8CBA-3E33FF4320E8}.Debug|x64.Build.0 = Debug|x64
		{8021E899-AC37-4932-8CBA-3E33FF4320E8}.Debug|x86.ActiveCfg = Debug|Win32
		{8021E899-AC37-4932-8CBA-3E33FF4320E8}.Debug|x86.Build.0 = Debug|Win32
		{8021E899-AC37-4932-8CBA-3E33FF4320E8}.Release|x64.ActiveCfg = Release|x64
		{8021E899-AC37-4932-8CBA-3E33FF4320E8}.Release|x64.Build.0 = Release|x64
		{8021E899-AC37-4932-8CBA-3E33FF4320E8}.Release|x86.ActiveCfg = Release|Win32
		{8021E899-AC37-4932-8CBA-3E33FF4320E8}.Release|x86.Build.0 = Release|Win32
		{07782E4A-6CD5-449A-B036-42A5CD2B6EFD}.Debug|x64.ActiveCfg = Debug|x64
		{07782E4A-6CD5-449A-B036-42A5CD2B6EFD}.Debug|x64.Build.0 = Debug|x64
		{07782E4A-6CD5-449A-B036-42A5CD2B6EFD}.Debug|x86.ActiveCfg = Debug|Win32
		{07782E4A-6CD5-449A-B036-42A5CD2B6EFD}.Debug|x86.Build.0 = Debug|Win32
		{07782E4A-6CD5-449A-B036-42A5CD2B6EFD}.Release|x64.ActiveCfg = Release|x64
		{07782E4A-6CD5-449A-B036-42A5CD2B6EFD}.Release|x64.Build.0 = Release|x64
		{07782E4A-6CD5-449A-B036-42A5CD2B6EFD}.Release|x86.ActiveCfg = Release|Win32
		{07782E4A-6CD5-449A-B036-42A5CD2B6EFD}.Release|x86.Build.0 = Release|Win32
		{7A36C495-3B7D-45C2-A35D-DC33FB89EE9F}.Debug|x64.ActiveCfg = Debug|x64
		{7A36C495-3B7D-45C2-A35D-DC33FB89EE9F}.Debug|x64.Build.0 = Debug|x64
		{7A36C495-3B7D-45C2-A35D-DC33FB89EE9F}.Debug|x86.ActiveCfg = Debug|Win32
		{7A36C495-3B7D-45C2-A35D-DC33FB89EE9F}.Debug|x86.Build.0 = Debug|Win32
		{7A36C495-3B7D-45C2-A35D-DC33FB89EE9F}.Release|x64.ActiveCfg = Release|x64
		{7A36C495-3B7D-45C2-A35D-DC33FB89EE9F}.Release|x64.Build.0 = Release|x64
		{7A36C495-3B7D-45C2-A35D-DC33FB89EE9F}.Release|x86.ActiveCfg = Release|Win32
		{7A36C495-3B7D-45C2-A35D-DC33FB89EE9F}.Release|x86.Build.0 = Release|Win32
		{1A96055B-D73B-4914-98EB-F89FCA9235BE}.Debug|x64.ActiveCfg = Debug|x64
		{1A96055B-D73B-4914-98EB-F89FCA9235BE}.Debug|x64.Build.0 = Debug|x64
		{1A96055B-D73B-4914-98EB-F89FCA9235BE}.Debug|x86.ActiveCfg = Debug|Win32
		{1A96055B-D73B-4914-98EB-F89FCA9235BE}.Debug|x86.Build.0 = Debug|Win32
		{1A96055B-D73B-4914-98EB-F89FCA9235BE}.Release|x64.ActiveCfg = Release|x64
		{1A96055B-D73B-4914-98EB-F89FCA9235BE}.Release|x64.Build.0 = Release|x64
		{1A96055B-D73B-4914-98EB-F89FCA9235BE}.Release|x86.ActiveCfg = Release|Win32
		{1A96055B-D73B-4914-98EB-F89FCA9235BE}.Release|x86.Build.0 = Release|Win32
		{C173267B-5365-47A2-AADF-C0F7B686E8A5}.Debug|x64.ActiveCfg = Debug|x64
		{C173267B-5365-47A2-AADF-C0F7B686E8A5}.Debug|x64.Build.0 = Debug|x64
		{C173267B-5365-47A2-AADF-C0F7B686E8A5}.Debug|x86.ActiveCfg = Debug|Win32
		{C173267B-5365-47A2-AADF-C0F7B686E8A5}.Debug|x86.Build.0 = Debug|Win32
		{C173267B-5365-47A2-AADF-C0F7B686E8A5}.Release|x64.ActiveCfg = Release|x64
		{C173267B-5365-47A2-AADF-C0F7B686E8A5}.Release|x64.Build.0 = Release|x64
		{C173267B-5365-47A2-AADF-C0F7B686E8A5}.Release|x86.ActiveCfg = Release|Win32
		{C173267B-5365-47A2-AADF-C0F7B686E8A5}.Release|x86.Build.0 = Release|Win32
	EndGlobalSection
	GlobalSection(SolutionProperties) = preSolution
		HideSolutionNode = FALSE
	EndGlobalSection
	GlobalSection(ExtensibilityGlobals) = postSolution
		SolutionGuid = {5BE7ED12-560A-49F3-8BF8-55BB14BCA0D5}
	EndGlobalSection
EndGlobal
